
Microsoft Visual Studio Solution File, Format Version 12.00
# Visual Studio Version 17
VisualStudioVersion = 17.4.33122.133
MinimumVisualStudioVersion = 10.0.40219.1
Project("{9A19103F-16F7-4668-BE54-9A1E7A4F7556}") = "RpmMeter", "RpmMeter.csproj", "{28ED979D-CDA0-432A-A726-886F1B4FB338}"
EndProject
Project("{9A19103F-16F7-4668-BE54-9A1E7A4F7556}") = "RpmMeter.Contracts", "..\RpmMeter.Contracts\RpmMeter.Contracts.csproj", "{1674FDE1-6AD4-4CAF-B5B0-C58485F56EEA}"
EndProject
Project("{9A19103F-16F7-4668-BE54-9A1E7A4F7556}") = "RpmMeter.Domain", "..\RpmMeter.Funcionality\RpmMeter.Domain.csproj", "{464BE879-8061-46FF-8CFC-17EBD6115845}"
EndProject
Global
	GlobalSection(SolutionConfigurationPlatforms) = preSolution
		Debug|Any CPU = Debug|Any CPU
		Release|Any CPU = Release|Any CPU
	EndGlobalSection
	GlobalSection(ProjectConfigurationPlatforms) = postSolution
		{28ED979D-CDA0-432A-A726-886F1B4FB338}.Debug|Any CPU.ActiveCfg = Debug|Any CPU
		{28ED979D-CDA0-432A-A726-886F1B4FB338}.Debug|Any CPU.Build.0 = Debug|Any CPU
		{28ED979D-CDA0-432A-A726-886F1B4FB338}.Release|Any CPU.ActiveCfg = Release|Any CPU
		{28ED979D-CDA0-432A-A726-886F1B4FB338}.Release|Any CPU.Build.0 = Release|Any CPU
		{1674FDE1-6AD4-4CAF-B5B0-C58485F56EEA}.Debug|Any CPU.ActiveCfg = Debug|Any CPU
		{1674FDE1-6AD4-4CAF-B5B0-C58485F56EEA}.Debug|Any CPU.Build.0 = Debug|Any CPU
		{1674FDE1-6AD4-4CAF-B5B0-C58485F56EEA}.Release|Any CPU.ActiveCfg = Release|Any CPU
		{1674FDE1-6AD4-4CAF-B5B0-C58485F56EEA}.Release|Any CPU.Build.0 = Release|Any CPU
		{464BE879-8061-46FF-8CFC-17EBD6115845}.Debug|Any CPU.ActiveCfg = Debug|Any CPU
		{464BE879-8061-46FF-8CFC-17EBD6115845}.Debug|Any CPU.Build.0 = Debug|Any CPU
		{464BE879-8061-46FF-8CFC-17EBD6115845}.Release|Any CPU.ActiveCfg = Release|Any CPU
		{464BE879-8061-46FF-8CFC-17EBD6115845}.Release|Any CPU.Build.0 = Release|Any CPU
	EndGlobalSection
	GlobalSection(SolutionProperties) = preSolution
		HideSolutionNode = FALSE
	EndGlobalSection
	GlobalSection(ExtensibilityGlobals) = postSolution
		SolutionGuid = {4640FE36-402E-4636-A7A7-7AC924FCB853}
	EndGlobalSection
EndGlobal
